
Microsoft Visual Studio Solution File, Format Version 12.00
# Visual Studio Version 16
VisualStudioVersion = 16.0.31424.327
MinimumVisualStudioVersion = 10.0.40219.1
Project("{FAE04EC0-301F-11D3-BF4B-00C04F79EFBC}") = "ElfesCity", "ElfesCity\ElfesCity.csproj", "{946A3295-2E68-4832-B54A-736AB51CDED9}"
EndProject
Global
	GlobalSection(SolutionConfigurationPlatforms) = preSolution
		Debug|Any CPU = Debug|Any CPU
		Release|Any CPU = Release|Any CPU
	EndGlobalSection
	GlobalSection(ProjectConfigurationPlatforms) = postSolution
		{946A3295-2E68-4832-B54A-736AB51CDED9}.Debug|Any CPU.ActiveCfg = Debug|Any CPU
		{946A3295-2E68-4832-B54A-736AB51CDED9}.Debug|Any CPU.Build.0 = Debug|Any CPU
		{946A3295-2E68-4832-B54A-736AB51CDED9}.Release|Any CPU.ActiveCfg = Release|Any CPU
		{946A3295-2E68-4832-B54A-736AB51CDED9}.Release|Any CPU.Build.0 = Release|Any CPU
	EndGlobalSection
	GlobalSection(SolutionProperties) = preSolution
		HideSolutionNode = FALSE
	EndGlobalSection
	GlobalSection(ExtensibilityGlobals) = postSolution
		SolutionGuid = {207F2D3D-D353-4A52-9226-AE83BC013AAE}
	EndGlobalSection
EndGlobal
